
Microsoft Visual Studio Solution File, Format Version 12.00
# Visual Studio Version 17
VisualStudioVersion = 17.6.33815.320
MinimumVisualStudioVersion = 10.0.40219.1
Project("{FAE04EC0-301F-11D3-BF4B-00C04F79EFBC}") = "BigOExamples", "BigOExamples\BigOExamples.csproj", "{81722C49-DA5D-4CA7-A9B1-715BEDC59FBE}"
EndProject
Global
	GlobalSection(SolutionConfigurationPlatforms) = preSolution
		Debug|Any CPU = Debug|Any CPU
		Release|Any CPU = Release|Any CPU
	EndGlobalSection
	GlobalSection(ProjectConfigurationPlatforms) = postSolution
		{81722C49-DA5D-4CA7-A9B1-715BEDC59FBE}.Debug|Any CPU.ActiveCfg = Debug|Any CPU
		{81722C49-DA5D-4CA7-A9B1-715BEDC59FBE}.Debug|Any CPU.Build.0 = Debug|Any CPU
		{81722C49-DA5D-4CA7-A9B1-715BEDC59FBE}.Release|Any CPU.ActiveCfg = Release|Any CPU
		{81722C49-DA5D-4CA7-A9B1-715BEDC59FBE}.Release|Any CPU.Build.0 = Release|Any CPU
	EndGlobalSection
	GlobalSection(SolutionProperties) = preSolution
		HideSolutionNode = FALSE
	EndGlobalSection
	GlobalSection(ExtensibilityGlobals) = postSolution
		SolutionGuid = {D6A9ABD9-F5C6-46CC-B3F8-F6F153BAB835}
	EndGlobalSection
EndGlobal
